
Microsoft Visual Studio Solution File, Format Version 12.00
# Visual Studio Version 16
VisualStudioVersion = 16.0.31702.278
MinimumVisualStudioVersion = 10.0.40219.1
Project("{FAE04EC0-301F-11D3-BF4B-00C04F79EFBC}") = "Helloworld", "Helloworld\Helloworld.csproj", "{147B95A8-223D-4AC9-8CD1-0B332DC4D69E}"
EndProject
Global
	GlobalSection(SolutionConfigurationPlatforms) = preSolution
		Debug|Any CPU = Debug|Any CPU
		Release|Any CPU = Release|Any CPU
	EndGlobalSection
	GlobalSection(ProjectConfigurationPlatforms) = postSolution
		{147B95A8-223D-4AC9-8CD1-0B332DC4D69E}.Debug|Any CPU.ActiveCfg = Debug|Any CPU
		{147B95A8-223D-4AC9-8CD1-0B332DC4D69E}.Debug|Any CPU.Build.0 = Debug|Any CPU
		{147B95A8-223D-4AC9-8CD1-0B332DC4D69E}.Release|Any CPU.ActiveCfg = Release|Any CPU
		{147B95A8-223D-4AC9-8CD1-0B332DC4D69E}.Release|Any CPU.Build.0 = Release|Any CPU
	EndGlobalSection
	GlobalSection(SolutionProperties) = preSolution
		HideSolutionNode = FALSE
	EndGlobalSection
	GlobalSection(ExtensibilityGlobals) = postSolution
		SolutionGuid = {3785B89B-4254-42F5-AFB9-1100F42DC0B5}
	EndGlobalSection
EndGlobal
